
Microsoft Visual Studio Solution File, Format Version 12.00
# Visual Studio Version 17
VisualStudioVersion = 17.6.33723.286
MinimumVisualStudioVersion = 10.0.40219.1
Project("{FAE04EC0-301F-11D3-BF4B-00C04F79EFBC}") = "Pessoa", "Pessoa.csproj", "{C461567B-C355-41E1-997C-3661069FFBDA}"
EndProject
Global
	GlobalSection(SolutionConfigurationPlatforms) = preSolution
		Debug|Any CPU = Debug|Any CPU
		Release|Any CPU = Release|Any CPU
	EndGlobalSection
	GlobalSection(ProjectConfigurationPlatforms) = postSolution
		{C461567B-C355-41E1-997C-3661069FFBDA}.Debug|Any CPU.ActiveCfg = Debug|Any CPU
		{C461567B-C355-41E1-997C-3661069FFBDA}.Debug|Any CPU.Build.0 = Debug|Any CPU
		{C461567B-C355-41E1-997C-3661069FFBDA}.Release|Any CPU.ActiveCfg = Release|Any CPU
		{C461567B-C355-41E1-997C-3661069FFBDA}.Release|Any CPU.Build.0 = Release|Any CPU
	EndGlobalSection
	GlobalSection(SolutionProperties) = preSolution
		HideSolutionNode = FALSE
	EndGlobalSection
	GlobalSection(ExtensibilityGlobals) = postSolution
		SolutionGuid = {45E08458-EE62-420C-BFCF-A2CFDB6A9CD0}
	EndGlobalSection
EndGlobal
